
Microsoft Visual Studio Solution File, Format Version 12.00
# Visual Studio 15
VisualStudioVersion = 15.0.27004.2010
MinimumVisualStudioVersion = 10.0.40219.1
Project("{9A19103F-16F7-4668-BE54-9A1E7A4F7556}") = "LogoFX.Client.Bootstrapping.Adapters.SimpleContainer.NETStandard20", "LogoFX.Client.Bootstrapping.Adapters.SimpleContainer\netstandard2.0\LogoFX.Client.Bootstrapping.Adapters.SimpleContainer.NETStandard20.csproj", "{AB85B185-53EA-4B9E-B012-F310DB99304B}"
EndProject
Project("{FAE04EC0-301F-11D3-BF4B-00C04F79EFBC}") = "LogoFX.Client.Bootstrapping.SimpleContainer.Tests.NETStandard20", "LogoFX.Client.Bootstrapping.SimpleContainer.Tests.NETStandard20\LogoFX.Client.Bootstrapping.SimpleContainer.Tests.NETStandard20.csproj", "{4D11252B-100C-48CB-B65B-A7E62859E36B}"
EndProject
Global
	GlobalSection(SolutionConfigurationPlatforms) = preSolution
		Debug|Any CPU = Debug|Any CPU
		Release|Any CPU = Release|Any CPU
	EndGlobalSection
	GlobalSection(ProjectConfigurationPlatforms) = postSolution
		{AB85B185-53EA-4B9E-B012-F310DB99304B}.Debug|Any CPU.ActiveCfg = Debug|Any CPU
		{AB85B185-53EA-4B9E-B012-F310DB99304B}.Debug|Any CPU.Build.0 = Debug|Any CPU
		{AB85B185-53EA-4B9E-B012-F310DB99304B}.Release|Any CPU.ActiveCfg = Release|Any CPU
		{AB85B185-53EA-4B9E-B012-F310DB99304B}.Release|Any CPU.Build.0 = Release|Any CPU
		{4D11252B-100C-48CB-B65B-A7E62859E36B}.Debug|Any CPU.ActiveCfg = Debug|Any CPU
		{4D11252B-100C-48CB-B65B-A7E62859E36B}.Debug|Any CPU.Build.0 = Debug|Any CPU
		{4D11252B-100C-48CB-B65B-A7E62859E36B}.Release|Any CPU.ActiveCfg = Release|Any CPU
		{4D11252B-100C-48CB-B65B-A7E62859E36B}.Release|Any CPU.Build.0 = Release|Any CPU
	EndGlobalSection
	GlobalSection(SolutionProperties) = preSolution
		HideSolutionNode = FALSE
	EndGlobalSection
	GlobalSection(ExtensibilityGlobals) = postSolution
		SolutionGuid = {C21EBF91-D994-4E0C-A4BB-2E132153B4FE}
	EndGlobalSection
EndGlobal
